
Microsoft Visual Studio Solution File, Format Version 12.00
# Visual Studio Version 16
VisualStudioVersion = 16.0.31829.152
MinimumVisualStudioVersion = 10.0.40219.1
Project("{FAE04EC0-301F-11D3-BF4B-00C04F79EFBC}") = "recipes", "recipes\recipes.csproj", "{78B22186-3C96-4DC1-AACC-44E124D6EE5D}"
EndProject
Global
	GlobalSection(SolutionConfigurationPlatforms) = preSolution
		Debug|Any CPU = Debug|Any CPU
		Release|Any CPU = Release|Any CPU
	EndGlobalSection
	GlobalSection(ProjectConfigurationPlatforms) = postSolution
		{78B22186-3C96-4DC1-AACC-44E124D6EE5D}.Debug|Any CPU.ActiveCfg = Debug|Any CPU
		{78B22186-3C96-4DC1-AACC-44E124D6EE5D}.Debug|Any CPU.Build.0 = Debug|Any CPU
		{78B22186-3C96-4DC1-AACC-44E124D6EE5D}.Release|Any CPU.ActiveCfg = Release|Any CPU
		{78B22186-3C96-4DC1-AACC-44E124D6EE5D}.Release|Any CPU.Build.0 = Release|Any CPU
	EndGlobalSection
	GlobalSection(SolutionProperties) = preSolution
		HideSolutionNode = FALSE
	EndGlobalSection
	GlobalSection(ExtensibilityGlobals) = postSolution
		SolutionGuid = {6869B4E6-0F54-4D17-85CF-BA8D74DC7762}
	EndGlobalSection
EndGlobal
