
Microsoft Visual Studio Solution File, Format Version 12.00
# Visual Studio Version 16
VisualStudioVersion = 16.0.31911.196
MinimumVisualStudioVersion = 10.0.40219.1
Project("{9A19103F-16F7-4668-BE54-9A1E7A4F7556}") = "recipes", "recipes\recipes.csproj", "{2B8D88BC-EB59-4A31-94B5-BCC4B1EC0B51}"
EndProject
Global
	GlobalSection(SolutionConfigurationPlatforms) = preSolution
		Debug|Any CPU = Debug|Any CPU
		Release|Any CPU = Release|Any CPU
	EndGlobalSection
	GlobalSection(ProjectConfigurationPlatforms) = postSolution
		{2B8D88BC-EB59-4A31-94B5-BCC4B1EC0B51}.Debug|Any CPU.ActiveCfg = Debug|Any CPU
		{2B8D88BC-EB59-4A31-94B5-BCC4B1EC0B51}.Debug|Any CPU.Build.0 = Debug|Any CPU
		{2B8D88BC-EB59-4A31-94B5-BCC4B1EC0B51}.Release|Any CPU.ActiveCfg = Release|Any CPU
		{2B8D88BC-EB59-4A31-94B5-BCC4B1EC0B51}.Release|Any CPU.Build.0 = Release|Any CPU
	EndGlobalSection
	GlobalSection(SolutionProperties) = preSolution
		HideSolutionNode = FALSE
	EndGlobalSection
	GlobalSection(ExtensibilityGlobals) = postSolution
		SolutionGuid = {C6CD4C4E-8693-44FC-BAB8-9D0BCB98751A}
	EndGlobalSection
EndGlobal
